{
  "version": "3",
  "packages": {
    "specifiers": {
      "jsr:@std/assert": "jsr:@std/assert@0.219.1",
      "jsr:@std/fmt@^0.219.1": "jsr:@std/fmt@0.219.1",
      "npm:@lezer/generator@1.7.0": "npm:@lezer/generator@1.7.0",
      "npm:@lezer/lr@1.4.0": "npm:@lezer/lr@1.4.0"
    },
    "jsr": {
      "@std/assert@0.219.1": {
        "integrity": "e76c2a1799a78f0f4db7de04bdc9b908a7a4b821bb65eda0285885297d4fb8af",
        "dependencies": [
          "jsr:@std/fmt@^0.219.1"
        ]
      },
      "@std/fmt@0.219.1": {
        "integrity": "2432152e927df249a207177aa048a6d9465956ea0047653ee6abd4f514db504f"
      }
    },
    "npm": {
      "@lezer/common@1.2.1": {
        "integrity": "sha512-yemX0ZD2xS/73llMZIK6KplkjIjf2EvAHcinDi/TfJ9hS25G0388+ClHt6/3but0oOxinTcQHJLDXh6w1crzFQ==",
        "dependencies": {}
      },
      "@lezer/generator@1.7.0": {
        "integrity": "sha512-IJ16tx3biLKlCXUzcK4v8S10AVa2BSM2rB12rtAL6f1hL2TS/HQQlGCoWRvanlL2J4mCYEEIv9uG7n4kVMkVDA==",
        "dependencies": {
          "@lezer/common": "@lezer/common@1.2.1",
          "@lezer/lr": "@lezer/lr@1.4.0"
        }
      },
      "@lezer/lr@1.4.0": {
        "integrity": "sha512-Wst46p51km8gH0ZUmeNrtpRYmdlRHUpN1DQd3GFAyKANi8WVz8c2jHYTf1CVScFaCjQw1iO3ZZdqGDxQPRErTg==",
        "dependencies": {
          "@lezer/common": "@lezer/common@1.2.1"
        }
      }
    }
  },
  "remote": {},
  "workspace": {
    "dependencies": [
      "npm:@codemirror/language@6.10.1",
      "npm:@lezer/highlight@1.2.0",
      "npm:@lezer/lr@1.4.0"
    ]
  }
}
